// !$*UTF8*$!
{
	archiveVersion = 1;
	classes = {
	};
	objectVersion = 77;
	objects = {

/* Begin PBXBuildFile section */
		6A1348082FCD01CD009A725C /* WidgetKit.framework in Frameworks */ = {isa = PBXBuildFile; fileRef = 6A1348072FCD01CD009A725C /* WidgetKit.framework */; };
		6A13480A2FCD01CD009A725C /* SwiftUI.framework in Frameworks */ = {isa = PBXBuildFile; fileRef = 6A1348092FCD01CD009A725C /* SwiftUI.framework */; };
		6A1348172FCD01D0009A725C /* FinTrackWidgetExtension.appex in Embed Foundation Extensions */ = {isa = PBXBuildFile; fileRef = 6A1348052FCD01CD009A725C /* FinTrackWidgetExtension.appex */; settings = {ATTRIBUTES = (RemoveHeadersOnCopy, ); }; };
/* End PBXBuildFile section */

/* Begin PBXContainerItemProxy section */
		6A133B792FAEFD35009A725C /* PBXContainerItemProxy */ = {
			isa = PBXContainerItemProxy;
			containerPortal = 6A133B612FAEFD31009A725C /* Project object */;
			proxyType = 1;
			remoteGlobalIDString = 6A133B682FAEFD32009A725C;
			remoteInfo = FinTrackPro;
		};
		6A133B832FAEFD35009A725C /* PBXContainerItemProxy */ = {
			isa = PBXContainerItemProxy;
			containerPortal = 6A133B612FAEFD31009A725C /* Project object */;
			proxyType = 1;
			remoteGlobalIDString = 6A133B682FAEFD32009A725C;
			remoteInfo = FinTrackPro;
		};
		6A1348152FCD01D0009A725C /* PBXContainerItemProxy */ = {
			isa = PBXContainerItemProxy;
			containerPortal = 6A133B612FAEFD31009A725C /* Project object */;
			proxyType = 1;
			remoteGlobalIDString = 6A1348042FCD01CC009A725C;
			remoteInfo = FinTrackWidgetExtension;
		};
/* End PBXContainerItemProxy section */

/* Begin PBXCopyFilesBuildPhase section */
		6A13481C2FCD01D0009A725C /* Embed Foundation Extensions */ = {
			isa = PBXCopyFilesBuildPhase;
			buildActionMask = 2147483647;
			dstPath = "";
			dstSubfolderSpec = 13;
			files = (
				6A1348172FCD01D0009A725C /* FinTrackWidgetExtension.appex in Embed Foundation Extensions */,
			);
			name = "Embed Foundation Extensions";
			runOnlyForDeploymentPostprocessing = 0;
		};
/* End PBXCopyFilesBuildPhase section */

/* Begin PBXFileReference section */
		6A133B692FAEFD32009A725C /* FinTrackPro.app */ = {isa = PBXFileReference; explicitFileType = wrapper.application; includeInIndex = 0; path = FinTrackPro.app; sourceTree = BUILT_PRODUCTS_DIR; };
		6A133B782FAEFD35009A725C /* FinTrackProTests.xctest */ = {isa = PBXFileReference; explicitFileType = wrapper.cfbundle; includeInIndex = 0; path = FinTrackProTests.xctest; sourceTree = BUILT_PRODUCTS_DIR; };
		6A133B822FAEFD35009A725C /* FinTrackProUITests.xctest */ = {isa = PBXFileReference; explicitFileType = wrapper.cfbundle; includeInIndex = 0; path = FinTrackProUITests.xctest; sourceTree = BUILT_PRODUCTS_DIR; };
		6A1348052FCD01CD009A725C /* FinTrackWidgetExtension.appex */ = {isa = PBXFileReference; explicitFileType = "wrapper.app-extension"; includeInIndex = 0; path = FinTrackWidgetExtension.appex; sourceTree = BUILT_PRODUCTS_DIR; };
		6A1348072FCD01CD009A725C /* WidgetKit.framework */ = {isa = PBXFileReference; lastKnownFileType = wrapper.framework; name = WidgetKit.framework; path = System/Library/Frameworks/WidgetKit.framework; sourceTree = SDKROOT; };
		6A1348092FCD01CD009A725C /* SwiftUI.framework */ = {isa = PBXFileReference; lastKnownFileType = wrapper.framework; name = SwiftUI.framework; path = System/Library/Frameworks/SwiftUI.framework; sourceTree = SDKROOT; };
		6A1348252FCD03AE009A725C /* FinTrackWidgetExtension.entitlements */ = {isa = PBXFileReference; lastKnownFileType = text.plist.entitlements; path = FinTrackWidgetExtension.entitlements; sourceTree = "<group>"; };
/* End PBXFileReference section */

/* Begin PBXFileSystemSynchronizedBuildFileExceptionSet section */
		6A1348182FCD01D0009A725C /* Exceptions for "FinTrackWidget" folder in "FinTrackWidgetExtension" target */ = {
			isa = PBXFileSystemSynchronizedBuildFileExceptionSet;
			membershipExceptions = (
				Info.plist,
			);
			target = 6A1348042FCD01CC009A725C /* FinTrackWidgetExtension */;
		};
/* End PBXFileSystemSynchronizedBuildFileExceptionSet section */

/* Begin PBXFileSystemSynchronizedRootGroup section */
		6A133B6B2FAEFD32009A725C /* FinTrackPro */ = {
			isa = PBXFileSystemSynchronizedRootGroup;
			path = FinTrackPro;
			sourceTree = "<group>";
		};
		6A133B7B2FAEFD35009A725C /* FinTrackProTests */ = {
			isa = PBXFileSystemSynchronizedRootGroup;
			path = FinTrackProTests;
			sourceTree = "<group>";
		};
		6A133B852FAEFD35009A725C /* FinTrackProUITests */ = {
			isa = PBXFileSystemSynchronizedRootGroup;
			path = FinTrackProUITests;
			sourceTree = "<group>";
		};
		6A13480B2FCD01CD009A725C /* FinTrackWidget */ = {
			isa = PBXFileSystemSynchronizedRootGroup;
			exceptions = (
				6A1348182FCD01D0009A725C /* Exceptions for "FinTrackWidget" folder in "FinTrackWidgetExtension" target */,
			);
			path = FinTrackWidget;
			sourceTree = "<group>";
		};
/* End PBXFileSystemSynchronizedRootGroup section */

/* Begin PBXFrameworksBuildPhase section */
		6A133B662FAEFD32009A725C /* Frameworks */ = {
			isa = PBXFrameworksBuildPhase;
			buildActionMask = 2147483647;
			files = (
			);
			runOnlyForDeploymentPostprocessing = 0;
		};
		6A133B752FAEFD35009A725C /* Frameworks */ = {
			isa = PBXFrameworksBuildPhase;
			buildActionMask = 2147483647;
			files = (
			);
			runOnlyForDeploymentPostprocessing = 0;
		};
		6A133B7F2FAEFD35009A725C /* Frameworks */ = {
			isa = PBXFrameworksBuildPhase;
			buildActionMask = 2147483647;
			files = (
			);
			runOnlyForDeploymentPostprocessing = 0;
		};
		6A1348022FCD01CC009A725C /* Frameworks */ = {
			isa = PBXFrameworksBuildPhase;
			buildActionMask = 2147483647;
			files = (
				6A13480A2FCD01CD009A725C /* SwiftUI.framework in Frameworks */,
				6A1348082FCD01CD009A725C /* WidgetKit.framework in Frameworks */,
			);
			runOnlyForDeploymentPostprocessing = 0;
		};
/* End PBXFrameworksBuildPhase section */

/* Begin PBXGroup section */
		6A133B602FAEFD31009A725C = {
			isa = PBXGroup;
			children = (
				6A1348252FCD03AE009A725C /* FinTrackWidgetExtension.entitlements */,
				6A133B6B2FAEFD32009A725C /* FinTrackPro */,
				6A133B7B2FAEFD35009A725C /* FinTrackProTests */,
				6A133B852FAEFD35009A725C /* FinTrackProUITests */,
				6A13480B2FCD01CD009A725C /* FinTrackWidget */,
				6A1348062FCD01CD009A725C /* Frameworks */,
				6A133B6A2FAEFD32009A725C /* Products */,
			);
			sourceTree = "<group>";
		};
		6A133B6A2FAEFD32009A725C /* Products */ = {
			isa = PBXGroup;
			children = (
				6A133B692FAEFD32009A725C /* FinTrackPro.app */,
				6A133B782FAEFD35009A725C /* FinTrackProTests.xctest */,
				6A133B822FAEFD35009A725C /* FinTrackProUITests.xctest */,
				6A1348052FCD01CD009A725C /* FinTrackWidgetExtension.appex */,
			);
			name = Products;
			sourceTree = "<group>";
		};
		6A1348062FCD01CD009A725C /* Frameworks */ = {
			isa = PBXGroup;
			children = (
				6A1348072FCD01CD009A725C /* WidgetKit.framework */,
				6A1348092FCD01CD009A725C /* SwiftUI.framework */,
			);
			name = Frameworks;
			sourceTree = "<group>";
		};
/* End PBXGroup section */

/* Begin PBXNativeTarget section */
		6A133B682FAEFD32009A725C /* FinTrackPro */ = {
			isa = PBXNativeTarget;
			buildConfigurationList = 6A133B8C2FAEFD35009A725C /* Build configuration list for PBXNativeTarget "FinTrackPro" */;
			buildPhases = (
				6A133B652FAEFD32009A725C /* Sources */,
				6A133B662FAEFD32009A725C /* Frameworks */,
				6A133B672FAEFD32009A725C /* Resources */,
				6A13481C2FCD01D0009A725C /* Embed Foundation Extensions */,
			);
			buildRules = (
			);
			dependencies = (
				6A1348162FCD01D0009A725C /* PBXTargetDependency */,
			);
			fileSystemSynchronizedGroups = (
				6A133B6B2FAEFD32009A725C /* FinTrackPro */,
			);
			name = FinTrackPro;
			packageProductDependencies = (
			);
			productName = FinTrackPro;
			productReference = 6A133B692FAEFD32009A725C /* FinTrackPro.app */;
			productType = "com.apple.product-type.application";
		};
		6A133B772FAEFD35009A725C /* FinTrackProTests */ = {
			isa = PBXNativeTarget;
			buildConfigurationList = 6A133B8F2FAEFD35009A725C /* Build configuration list for PBXNativeTarget "FinTrackProTests" */;
			buildPhases = (
				6A133B742FAEFD35009A725C /* Sources */,
				6A133B752FAEFD35009A725C /* Frameworks */,
				6A133B762FAEFD35009A725C /* Resources */,
			);
			buildRules = (
			);
			dependencies = (
				6A133B7A2FAEFD35009A725C /* PBXTargetDependency */,
			);
			fileSystemSynchronizedGroups = (
				6A133B7B2FAEFD35009A725C /* FinTrackProTests */,
			);
			name = FinTrackProTests;
			packageProductDependencies = (
			);
			productName = FinTrackProTests;
			productReference = 6A133B782FAEFD35009A725C /* FinTrackProTests.xctest */;
			productType = "com.apple.product-type.bundle.unit-test";
		};
		6A133B812FAEFD35009A725C /* FinTrackProUITests */ = {
			isa = PBXNativeTarget;
			buildConfigurationList = 6A133B922FAEFD35009A725C /* Build configuration list for PBXNativeTarget "FinTrackProUITests" */;
			buildPhases = (
				6A133B7E2FAEFD35009A725C /* Sources */,
				6A133B7F2FAEFD35009A725C /* Frameworks */,
				6A133B802FAEFD35009A725C /* Resources */,
			);
			buildRules = (
			);
			dependencies = (
				6A133B842FAEFD35009A725C /* PBXTargetDependency */,
			);
			fileSystemSynchronizedGroups = (
				6A133B852FAEFD35009A725C /* FinTrackProUITests */,
			);
			name = FinTrackProUITests;
			packageProductDependencies = (
			);
			productName = FinTrackProUITests;
			productReference = 6A133B822FAEFD35009A725C /* FinTrackProUITests.xctest */;
			productType = "com.apple.product-type.bundle.ui-testing";
		};
		6A1348042FCD01CC009A725C /* FinTrackWidgetExtension */ = {
			isa = PBXNativeTarget;
			buildConfigurationList = 6A1348192FCD01D0009A725C /* Build configuration list for PBXNativeTarget "FinTrackWidgetExtension" */;
			buildPhases = (
				6A1348012FCD01CC009A725C /* Sources */,
				6A1348022FCD01CC009A725C /* Frameworks */,
				6A1348032FCD01CC009A725C /* Resources */,
			);
			buildRules = (
			);
			dependencies = (
			);
			fileSystemSynchronizedGroups = (
				6A13480B2FCD01CD009A725C /* FinTrackWidget */,
			);
			name = FinTrackWidgetExtension;
			packageProductDependencies = (
			);
			productName = FinTrackWidgetExtension;
			productReference = 6A1348052FCD01CD009A725C /* FinTrackWidgetExtension.appex */;
			productType = "com.apple.product-type.app-extension";
		};
/* End PBXNativeTarget section */

/* Begin PBXProject section */
		6A133B612FAEFD31009A725C /* Project object */ = {
			isa = PBXProject;
			attributes = {
				BuildIndependentTargetsInParallel = 1;
				LastSwiftUpdateCheck = 2640;
				LastUpgradeCheck = 2640;
				TargetAttributes = {
					6A133B682FAEFD32009A725C = {
						CreatedOnToolsVersion = 26.4.1;
					};
					6A133B772FAEFD35009A725C = {
						CreatedOnToolsVersion = 26.4.1;
						TestTargetID = 6A133B682FAEFD32009A725C;
					};
					6A133B812FAEFD35009A725C = {
						CreatedOnToolsVersion = 26.4.1;
						TestTargetID = 6A133B682FAEFD32009A725C;
					};
					6A1348042FCD01CC009A725C = {
						CreatedOnToolsVersion = 26.4.1;
					};
				};
			};
			buildConfigurationList = 6A133B642FAEFD31009A725C /* Build configuration list for PBXProject "FinTrackPro" */;
			developmentRegion = en;
			hasScannedForEncodings = 0;
			knownRegions = (
				en,
				Base,
			);
			mainGroup = 6A133B602FAEFD31009A725C;
			minimizedProjectReferenceProxies = 1;
			preferredProjectObjectVersion = 77;
			productRefGroup = 6A133B6A2FAEFD32009A725C /* Products */;
			projectDirPath = "";
			projectRoot = "";
			targets = (
				6A133B682FAEFD32009A725C /* FinTrackPro */,
				6A133B772FAEFD35009A725C /* FinTrackProTests */,
				6A133B812FAEFD35009A725C /* FinTrackProUITests */,
				6A1348042FCD01CC009A725C /* FinTrackWidgetExtension */,
			);
		};
/* End PBXProject section */

/* Begin PBXResourcesBuildPhase section */
		6A133B672FAEFD32009A725C /* Resources */ = {
			isa = PBXResourcesBuildPhase;
			buildActionMask = 2147483647;
			files = (
			);
			runOnlyForDeploymentPostprocessing = 0;
		};
		6A133B762FAEFD35009A725C /* Resources */ = {
			isa = PBXResourcesBuildPhase;
			buildActionMask = 2147483647;
			files = (
			);
			runOnlyForDeploymentPostprocessing = 0;
		};
		6A133B802FAEFD35009A725C /* Resources */ = {
			isa = PBXResourcesBuildPhase;
			buildActionMask = 2147483647;
			files = (
			);
			runOnlyForDeploymentPostprocessing = 0;
		};
		6A1348032FCD01CC009A725C /* Resources */ = {
			isa = PBXResourcesBuildPhase;
			buildActionMask = 2147483647;
			files = (
			);
			runOnlyForDeploymentPostprocessing = 0;
		};
/* End PBXResourcesBuildPhase section */

/* Begin PBXSourcesBuildPhase section */
		6A133B652FAEFD32009A725C /* Sources */ = {
			isa = PBXSourcesBuildPhase;
			buildActionMask = 2147483647;
			files = (
			);
			runOnlyForDeploymentPostprocessing = 0;
		};
		6A133B742FAEFD35009A725C /* Sources */ = {
			isa = PBXSourcesBuildPhase;
			buildActionMask = 2147483647;
			files = (
			);
			runOnlyForDeploymentPostprocessing = 0;
		};
		6A133B7E2FAEFD35009A725C /* Sources */ = {
			isa = PBXSourcesBuildPhase;
			buildActionMask = 2147483647;
			files = (
			);
			runOnlyForDeploymentPostprocessing = 0;
		};
		6A1348012FCD01CC009A725C /* Sources */ = {
			isa = PBXSourcesBuildPhase;
			buildActionMask = 2147483647;
			files = (
			);
			runOnlyForDeploymentPostprocessing = 0;
		};
/* End PBXSourcesBuildPhase section */

/* Begin PBXTargetDependency section */
		6A133B7A2FAEFD35009A725C /* PBXTargetDependency */ = {
			isa = PBXTargetDependency;
			target = 6A133B682FAEFD32009A725C /* FinTrackPro */;
			targetProxy = 6A133B792FAEFD35009A725C /* PBXContainerItemProxy */;
		};
		6A133B842FAEFD35009A725C /* PBXTargetDependency */ = {
			isa = PBXTargetDependency;
			target = 6A133B682FAEFD32009A725C /* FinTrackPro */;
			targetProxy = 6A133B832FAEFD35009A725C /* PBXContainerItemProxy */;
		};
		6A1348162FCD01D0009A725C /* PBXTargetDependency */ = {
			isa = PBXTargetDependency;
			target = 6A1348042FCD01CC009A725C /* FinTrackWidgetExtension */;
			targetProxy = 6A1348152FCD01D0009A725C /* PBXContainerItemProxy */;
		};
/* End PBXTargetDependency section */

/* Begin XCBuildConfiguration section */
		6A133B8A2FAEFD35009A725C /* Debug */ = {
			isa = XCBuildConfiguration;
			buildSettings = {
				ALWAYS_SEARCH_USER_PATHS = NO;
				ASSETCATALOG_COMPILER_GENERATE_SWIFT_ASSET_SYMBOL_EXTENSIONS = YES;
				CLANG_ANALYZER_NONNULL = YES;
				CLANG_ANALYZER_NUMBER_OBJECT_CONVERSION = YES_AGGRESSIVE;
				CLANG_CXX_LANGUAGE_STANDARD = "gnu++20";
				CLANG_ENABLE_MODULES = YES;
				CLANG_ENABLE_OBJC_ARC = YES;
				CLANG_ENABLE_OBJC_WEAK = YES;
				CLANG_WARN_BLOCK_CAPTURE_AUTORELEASING = YES;
				CLANG_WARN_BOOL_CONVERSION = YES;
				CLANG_WARN_COMMA = YES;
				CLANG_WARN_CONSTANT_CONVERSION = YES;
				CLANG_WARN_DEPRECATED_OBJC_IMPLEMENTATIONS = YES;
				CLANG_WARN_DIRECT_OBJC_ISA_USAGE = YES_ERROR;
				CLANG_WARN_DOCUMENTATION_COMMENTS = YES;
				CLANG_WARN_EMPTY_BODY = YES;
				CLANG_WARN_ENUM_CONVERSION = YES;
				CLANG_WARN_INFINITE_RECURSION = YES;
				CLANG_WARN_INT_CONVERSION = YES;
				CLANG_WARN_NON_LITERAL_NULL_CONVERSION = YES;
				CLANG_WARN_OBJC_IMPLICIT_RETAIN_SELF = YES;
				CLANG_WARN_OBJC_LITERAL_CONVERSION = YES;
				CLANG_WARN_OBJC_ROOT_CLASS = YES_ERROR;
				CLANG_WARN_QUOTED_INCLUDE_IN_FRAMEWORK_HEADER = YES;
				CLANG_WARN_RANGE_LOOP_ANALYSIS = YES;
				CLANG_WARN_STRICT_PROTOTYPES = YES;
				CLANG_WARN_SUSPICIOUS_MOVE = YES;
				CLANG_WARN_UNGUARDED_AVAILABILITY = YES_AGGRESSIVE;
				CLANG_WARN_UNREACHABLE_CODE = YES;
				CLANG_WARN__DUPLICATE_METHOD_MATCH = YES;
				COPY_PHASE_STRIP = NO;
				DEBUG_INFORMATION_FORMAT = dwarf;
				DEVELOPMENT_TEAM = 2XAK2AYLM3;
				ENABLE_STRICT_OBJC_MSGSEND = YES;
				ENABLE_TESTABILITY = YES;
				ENABLE_USER_SCRIPT_SANDBOXING = YES;
				GCC_C_LANGUAGE_STANDARD = gnu17;
				GCC_DYNAMIC_NO_PIC = NO;
				GCC_NO_COMMON_BLOCKS = YES;
				GCC_OPTIMIZATION_LEVEL = 0;
				GCC_PREPROCESSOR_DEFINITIONS = (
					"DEBUG=1",
					"$(inherited)",
				);
				GCC_WARN_64_TO_32_BIT_CONVERSION = YES;
				GCC_WARN_ABOUT_RETURN_TYPE = YES_ERROR;
				GCC_WARN_UNDECLARED_SELECTOR = YES;
				GCC_WARN_UNINITIALIZED_AUTOS = YES_AGGRESSIVE;
				GCC_WARN_UNUSED_FUNCTION = YES;
				GCC_WARN_UNUSED_VARIABLE = YES;
				IPHONEOS_DEPLOYMENT_TARGET = 26.4;
				LOCALIZATION_PREFERS_STRING_CATALOGS = YES;
				MTL_ENABLE_DEBUG_INFO = INCLUDE_SOURCE;
				MTL_FAST_MATH = YES;
				ONLY_ACTIVE_ARCH = YES;
				SDKROOT = iphoneos;
				SWIFT_ACTIVE_COMPILATION_CONDITIONS = "DEBUG $(inherited)";
				SWIFT_EMIT_LOC_STRINGS = YES;
				SWIFT_OPTIMIZATION_LEVEL = "-Onone";
			};
			name = Debug;
		};
		6A133B8B2FAEFD35009A725C /* Release */ = {
			isa = XCBuildConfiguration;
			buildSettings = {
				ALWAYS_SEARCH_USER_PATHS = NO;
				ASSETCATALOG_COMPILER_GENERATE_SWIFT_ASSET_SYMBOL_EXTENSIONS = YES;
				CLANG_ANALYZER_NONNULL = YES;
				CLANG_ANALYZER_NUMBER_OBJECT_CONVERSION = YES_AGGRESSIVE;
				CLANG_CXX_LANGUAGE_STANDARD = "gnu++20";
				CLANG_ENABLE_MODULES = YES;
				CLANG_ENABLE_OBJC_ARC = YES;
				CLANG_ENABLE_OBJC_WEAK = YES;
				CLANG_WARN_BLOCK_CAPTURE_AUTORELEASING = YES;
				CLANG_WARN_BOOL_CONVERSION = YES;
				CLANG_WARN_COMMA = YES;
				CLANG_WARN_CONSTANT_CONVERSION = YES;
				CLANG_WARN_DEPRECATED_OBJC_IMPLEMENTATIONS = YES;
				CLANG_WARN_DIRECT_OBJC_ISA_USAGE = YES_ERROR;
				CLANG_WARN_DOCUMENTATION_COMMENTS = YES;
				CLANG_WARN_EMPTY_BODY = YES;
				CLANG_WARN_ENUM_CONVERSION = YES;
				CLANG_WARN_INFINITE_RECURSION = YES;
				CLANG_WARN_INT_CONVERSION = YES;
				CLANG_WARN_NON_LITERAL_NULL_CONVERSION = YES;
				CLANG_WARN_OBJC_IMPLICIT_RETAIN_SELF = YES;
				CLANG_WARN_OBJC_LITERAL_CONVERSION = YES;
				CLANG_WARN_OBJC_ROOT_CLASS = YES_ERROR;
				CLANG_WARN_QUOTED_INCLUDE_IN_FRAMEWORK_HEADER = YES;
				CLANG_WARN_RANGE_LOOP_ANALYSIS = YES;
				CLANG_WARN_STRICT_PROTOTYPES = YES;
				CLANG_WARN_SUSPICIOUS_MOVE = YES;
				CLANG_WARN_UNGUARDED_AVAILABILITY = YES_AGGRESSIVE;
				CLANG_WARN_UNREACHABLE_CODE = YES;
				CLANG_WARN__DUPLICATE_METHOD_MATCH = YES;
				COPY_PHASE_STRIP = NO;
				DEBUG_INFORMATION_FORMAT = "dwarf-with-dsym";
				DEVELOPMENT_TEAM = 2XAK2AYLM3;
				ENABLE_NS_ASSERTIONS = NO;
				ENABLE_STRICT_OBJC_MSGSEND = YES;
				ENABLE_USER_SCRIPT_SANDBOXING = YES;
				GCC_C_LANGUAGE_STANDARD = gnu17;
				GCC_NO_COMMON_BLOCKS = YES;
				GCC_WARN_64_TO_32_BIT_CONVERSION = YES;
				GCC_WARN_ABOUT_RETURN_TYPE = YES_ERROR;
				GCC_WARN_UNDECLARED_SELECTOR = YES;
				GCC_WARN_UNINITIALIZED_AUTOS = YES_AGGRESSIVE;
				GCC_WARN_UNUSED_FUNCTION = YES;
				GCC_WARN_UNUSED_VARIABLE = YES;
				IPHONEOS_DEPLOYMENT_TARGET = 26.4;
				LOCALIZATION_PREFERS_STRING_CATALOGS = YES;
				MTL_ENABLE_DEBUG_INFO = NO;
				MTL_FAST_MATH = YES;
				SDKROOT = iphoneos;
				SWIFT_COMPILATION_MODE = wholemodule;
				SWIFT_EMIT_LOC_STRINGS = YES;
				VALIDATE_PRODUCT = YES;
			};
			name = Release;
		};
		6A133B8D2FAEFD35009A725C /* Debug */ = {
			isa = XCBuildConfiguration;
			buildSettings = {
				ASSETCATALOG_COMPILER_APPICON_NAME = FinTrackIcon;
				ASSETCATALOG_COMPILER_GLOBAL_ACCENT_COLOR_NAME = AccentColor;
				CODE_SIGN_ENTITLEMENTS = FinTrackPro/FinTrackPro.entitlements;
				CODE_SIGN_STYLE = Automatic;
				CURRENT_PROJECT_VERSION = 1;
				DEVELOPMENT_TEAM = 2XAK2AYLM3;
				ENABLE_PREVIEWS = YES;
				GENERATE_INFOPLIST_FILE = NO;
				INFOPLIST_FILE = Info.plist;
				IPHONEOS_DEPLOYMENT_TARGET = 17.6;
				LD_RUNPATH_SEARCH_PATHS = (
					"$(inherited)",
					"@executable_path/Frameworks",
				);
				MARKETING_VERSION = 1.0;
				PRODUCT_BUNDLE_IDENTIFIER = com.argudev.FinTrackPro;
				PRODUCT_NAME = "$(TARGET_NAME)";
				STRING_CATALOG_GENERATE_SYMBOLS = YES;
				SUPPORTED_PLATFORMS = "iphoneos iphonesimulator";
				SUPPORTS_MACCATALYST = NO;
				SUPPORTS_MAC_DESIGNED_FOR_IPHONE_IPAD = NO;
				SUPPORTS_XR_DESIGNED_FOR_IPHONE_IPAD = NO;
				SWIFT_APPROACHABLE_CONCURRENCY = YES;
				SWIFT_DEFAULT_ACTOR_ISOLATION = MainActor;
				SWIFT_EMIT_LOC_STRINGS = YES;
				SWIFT_UPCOMING_FEATURE_MEMBER_IMPORT_VISIBILITY = YES;
				SWIFT_VERSION = 5.0;
				TARGETED_DEVICE_FAMILY = "1,2";
			};
			name = Debug;
		};
		6A133B8E2FAEFD35009A725C /* Release */ = {
			isa = XCBuildConfiguration;
			buildSettings = {
				ASSETCATALOG_COMPILER_APPICON_NAME = FinTrackIcon;
				ASSETCATALOG_COMPILER_GLOBAL_ACCENT_COLOR_NAME = AccentColor;
				CODE_SIGN_ENTITLEMENTS = FinTrackPro/FinTrackPro.entitlements;
				CODE_SIGN_STYLE = Automatic;
				CURRENT_PROJECT_VERSION = 1;
				DEVELOPMENT_TEAM = 2XAK2AYLM3;
				ENABLE_PREVIEWS = YES;
				GENERATE_INFOPLIST_FILE = NO;
				INFOPLIST_FILE = Info.plist;
				IPHONEOS_DEPLOYMENT_TARGET = 17.6;
				LD_RUNPATH_SEARCH_PATHS = (
					"$(inherited)",
					"@executable_path/Frameworks",
				);
				MARKETING_VERSION = 1.0;
				PRODUCT_BUNDLE_IDENTIFIER = com.argudev.FinTrackPro;
				PRODUCT_NAME = "$(TARGET_NAME)";
				STRING_CATALOG_GENERATE_SYMBOLS = YES;
				SUPPORTED_PLATFORMS = "iphoneos iphonesimulator";
				SUPPORTS_MACCATALYST = NO;
				SUPPORTS_MAC_DESIGNED_FOR_IPHONE_IPAD = NO;
				SUPPORTS_XR_DESIGNED_FOR_IPHONE_IPAD = NO;
				SWIFT_APPROACHABLE_CONCURRENCY = YES;
				SWIFT_DEFAULT_ACTOR_ISOLATION = MainActor;
				SWIFT_EMIT_LOC_STRINGS = YES;
				SWIFT_UPCOMING_FEATURE_MEMBER_IMPORT_VISIBILITY = YES;
				SWIFT_VERSION = 5.0;
				TARGETED_DEVICE_FAMILY = "1,2";
			};
			name = Release;
		};
		6A133B902FAEFD35009A725C /* Debug */ = {
			isa = XCBuildConfiguration;
			buildSettings = {
				BUNDLE_LOADER = "$(TEST_HOST)";
				CODE_SIGN_STYLE = Automatic;
				CURRENT_PROJECT_VERSION = 1;
				DEVELOPMENT_TEAM = 2XAK2AYLM3;
				GENERATE_INFOPLIST_FILE = YES;
				IPHONEOS_DEPLOYMENT_TARGET = 17.6;
				MARKETING_VERSION = 1.0;
				PRODUCT_BUNDLE_IDENTIFIER = com.argudev.FinTrackProTests;
				PRODUCT_NAME = "$(TARGET_NAME)";
				STRING_CATALOG_GENERATE_SYMBOLS = NO;
				SWIFT_APPROACHABLE_CONCURRENCY = YES;
				SWIFT_EMIT_LOC_STRINGS = NO;
				SWIFT_UPCOMING_FEATURE_MEMBER_IMPORT_VISIBILITY = YES;
				SWIFT_VERSION = 5.0;
				TARGETED_DEVICE_FAMILY = "1,2";
				TEST_HOST = "$(BUILT_PRODUCTS_DIR)/FinTrackPro.app/$(BUNDLE_EXECUTABLE_FOLDER_PATH)/FinTrackPro";
			};
			name = Debug;
		};
		6A133B912FAEFD35009A725C /* Release */ = {
			isa = XCBuildConfiguration;
			buildSettings = {
				BUNDLE_LOADER = "$(TEST_HOST)";
				CODE_SIGN_STYLE = Automatic;
				CURRENT_PROJECT_VERSION = 1;
				DEVELOPMENT_TEAM = 2XAK2AYLM3;
				GENERATE_INFOPLIST_FILE = YES;
				IPHONEOS_DEPLOYMENT_TARGET = 17.6;
				MARKETING_VERSION = 1.0;
				PRODUCT_BUNDLE_IDENTIFIER = com.argudev.FinTrackProTests;
				PRODUCT_NAME = "$(TARGET_NAME)";
				STRING_CATALOG_GENERATE_SYMBOLS = NO;
				SWIFT_APPROACHABLE_CONCURRENCY = YES;
				SWIFT_EMIT_LOC_STRINGS = NO;
				SWIFT_UPCOMING_FEATURE_MEMBER_IMPORT_VISIBILITY = YES;
				SWIFT_VERSION = 5.0;
				TARGETED_DEVICE_FAMILY = "1,2";
				TEST_HOST = "$(BUILT_PRODUCTS_DIR)/FinTrackPro.app/$(BUNDLE_EXECUTABLE_FOLDER_PATH)/FinTrackPro";
			};
			name = Release;
		};
		6A133B932FAEFD35009A725C /* Debug */ = {
			isa = XCBuildConfiguration;
			buildSettings = {
				CODE_SIGN_STYLE = Automatic;
				CURRENT_PROJECT_VERSION = 1;
				DEVELOPMENT_TEAM = 2XAK2AYLM3;
				GENERATE_INFOPLIST_FILE = YES;
				IPHONEOS_DEPLOYMENT_TARGET = 17.6;
				MARKETING_VERSION = 1.0;
				PRODUCT_BUNDLE_IDENTIFIER = com.argudev.FinTrackProUITests;
				PRODUCT_NAME = "$(TARGET_NAME)";
				STRING_CATALOG_GENERATE_SYMBOLS = NO;
				SWIFT_APPROACHABLE_CONCURRENCY = YES;
				SWIFT_EMIT_LOC_STRINGS = NO;
				SWIFT_UPCOMING_FEATURE_MEMBER_IMPORT_VISIBILITY = YES;
				SWIFT_VERSION = 5.0;
				TARGETED_DEVICE_FAMILY = "1,2";
				TEST_TARGET_NAME = FinTrackPro;
			};
			name = Debug;
		};
		6A133B942FAEFD35009A725C /* Release */ = {
			isa = XCBuildConfiguration;
			buildSettings = {
				CODE_SIGN_STYLE = Automatic;
				CURRENT_PROJECT_VERSION = 1;
				DEVELOPMENT_TEAM = 2XAK2AYLM3;
				GENERATE_INFOPLIST_FILE = YES;
				IPHONEOS_DEPLOYMENT_TARGET = 17.6;
				MARKETING_VERSION = 1.0;
				PRODUCT_BUNDLE_IDENTIFIER = com.argudev.FinTrackProUITests;
				PRODUCT_NAME = "$(TARGET_NAME)";
				STRING_CATALOG_GENERATE_SYMBOLS = NO;
				SWIFT_APPROACHABLE_CONCURRENCY = YES;
				SWIFT_EMIT_LOC_STRINGS = NO;
				SWIFT_UPCOMING_FEATURE_MEMBER_IMPORT_VISIBILITY = YES;
				SWIFT_VERSION = 5.0;
				TARGETED_DEVICE_FAMILY = "1,2";
				TEST_TARGET_NAME = FinTrackPro;
			};
			name = Release;
		};
		6A13481A2FCD01D0009A725C /* Debug */ = {
			isa = XCBuildConfiguration;
			buildSettings = {
				ASSETCATALOG_COMPILER_GLOBAL_ACCENT_COLOR_NAME = AccentColor;
				ASSETCATALOG_COMPILER_WIDGET_BACKGROUND_COLOR_NAME = WidgetBackground;
				CODE_SIGN_ENTITLEMENTS = FinTrackWidgetExtension.entitlements;
				CODE_SIGN_STYLE = Automatic;
				CURRENT_PROJECT_VERSION = 1;
				DEVELOPMENT_TEAM = 2XAK2AYLM3;
				GENERATE_INFOPLIST_FILE = YES;
				INFOPLIST_FILE = FinTrackWidget/Info.plist;
				INFOPLIST_KEY_CFBundleDisplayName = FinTrackWidget;
				INFOPLIST_KEY_NSHumanReadableCopyright = "";
				LD_RUNPATH_SEARCH_PATHS = (
					"$(inherited)",
					"@executable_path/Frameworks",
					"@executable_path/../../Frameworks",
				);
				MARKETING_VERSION = 1.0;
				PRODUCT_BUNDLE_IDENTIFIER = com.argudev.FinTrackPro.FinTrackWidget;
				PRODUCT_NAME = "$(TARGET_NAME)";
				SKIP_INSTALL = YES;
				STRING_CATALOG_GENERATE_SYMBOLS = YES;
				SWIFT_APPROACHABLE_CONCURRENCY = YES;
				SWIFT_EMIT_LOC_STRINGS = YES;
				SWIFT_UPCOMING_FEATURE_MEMBER_IMPORT_VISIBILITY = YES;
				SWIFT_VERSION = 5.0;
				TARGETED_DEVICE_FAMILY = "1,2";
			};
			name = Debug;
		};
		6A13481B2FCD01D0009A725C /* Release */ = {
			isa = XCBuildConfiguration;
			buildSettings = {
				ASSETCATALOG_COMPILER_GLOBAL_ACCENT_COLOR_NAME = AccentColor;
				ASSETCATALOG_COMPILER_WIDGET_BACKGROUND_COLOR_NAME = WidgetBackground;
				CODE_SIGN_ENTITLEMENTS = FinTrackWidgetExtension.entitlements;
				CODE_SIGN_STYLE = Automatic;
				CURRENT_PROJECT_VERSION = 1;
				DEVELOPMENT_TEAM = 2XAK2AYLM3;
				GENERATE_INFOPLIST_FILE = YES;
				INFOPLIST_FILE = FinTrackWidget/Info.plist;
				INFOPLIST_KEY_CFBundleDisplayName = FinTrackWidget;
				INFOPLIST_KEY_NSHumanReadableCopyright = "";
				LD_RUNPATH_SEARCH_PATHS = (
					"$(inherited)",
					"@executable_path/Frameworks",
					"@executable_path/../../Frameworks",
				);
				MARKETING_VERSION = 1.0;
				PRODUCT_BUNDLE_IDENTIFIER = com.argudev.FinTrackPro.FinTrackWidget;
				PRODUCT_NAME = "$(TARGET_NAME)";
				SKIP_INSTALL = YES;
				STRING_CATALOG_GENERATE_SYMBOLS = YES;
				SWIFT_APPROACHABLE_CONCURRENCY = YES;
				SWIFT_EMIT_LOC_STRINGS = YES;
				SWIFT_UPCOMING_FEATURE_MEMBER_IMPORT_VISIBILITY = YES;
				SWIFT_VERSION = 5.0;
				TARGETED_DEVICE_FAMILY = "1,2";
			};
			name = Release;
		};
/* End XCBuildConfiguration section */

/* Begin XCConfigurationList section */
		6A133B642FAEFD31009A725C /* Build configuration list for PBXProject "FinTrackPro" */ = {
			isa = XCConfigurationList;
			buildConfigurations = (
				6A133B8A2FAEFD35009A725C /* Debug */,
				6A133B8B2FAEFD35009A725C /* Release */,
			);
			defaultConfigurationIsVisible = 0;
			defaultConfigurationName = Release;
		};
		6A133B8C2FAEFD35009A725C /* Build configuration list for PBXNativeTarget "FinTrackPro" */ = {
			isa = XCConfigurationList;
			buildConfigurations = (
				6A133B8D2FAEFD35009A725C /* Debug */,
				6A133B8E2FAEFD35009A725C /* Release */,
			);
			defaultConfigurationIsVisible = 0;
			defaultConfigurationName = Release;
		};
		6A133B8F2FAEFD35009A725C /* Build configuration list for PBXNativeTarget "FinTrackProTests" */ = {
			isa = XCConfigurationList;
			buildConfigurations = (
				6A133B902FAEFD35009A725C /* Debug */,
				6A133B912FAEFD35009A725C /* Release */,
			);
			defaultConfigurationIsVisible = 0;
			defaultConfigurationName = Release;
		};
		6A133B922FAEFD35009A725C /* Build configuration list for PBXNativeTarget "FinTrackProUITests" */ = {
			isa = XCConfigurationList;
			buildConfigurations = (
				6A133B932FAEFD35009A725C /* Debug */,
				6A133B942FAEFD35009A725C /* Release */,
			);
			defaultConfigurationIsVisible = 0;
			defaultConfigurationName = Release;
		};
		6A1348192FCD01D0009A725C /* Build configuration list for PBXNativeTarget "FinTrackWidgetExtension" */ = {
			isa = XCConfigurationList;
			buildConfigurations = (
				6A13481A2FCD01D0009A725C /* Debug */,
				6A13481B2FCD01D0009A725C /* Release */,
			);
			defaultConfigurationIsVisible = 0;
			defaultConfigurationName = Release;
		};
/* End XCConfigurationList section */
	};
	rootObject = 6A133B612FAEFD31009A725C /* Project object */;
}
